
Microsoft Visual Studio Solution File, Format Version 12.00
Project("{FAE04EC0-301F-11D3-BF4B-00C04F79EFBC}") = "CompiledResourceGenerator", "CompiledResourceGenerator\CompiledResourceGenerator.csproj", "{F40C6ACB-19AC-4136-A0DF-3E63E5121ACA}"
EndProject
Global
	GlobalSection(SolutionConfigurationPlatforms) = preSolution
		Debug|Any CPU = Debug|Any CPU
		Release|Any CPU = Release|Any CPU
	EndGlobalSection
	GlobalSection(ProjectConfigurationPlatforms) = postSolution
		{F40C6ACB-19AC-4136-A0DF-3E63E5121ACA}.Debug|Any CPU.ActiveCfg = Debug|Any CPU
		{F40C6ACB-19AC-4136-A0DF-3E63E5121ACA}.Debug|Any CPU.Build.0 = Debug|Any CPU
		{F40C6ACB-19AC-4136-A0DF-3E63E5121ACA}.Release|Any CPU.ActiveCfg = Release|Any CPU
		{F40C6ACB-19AC-4136-A0DF-3E63E5121ACA}.Release|Any CPU.Build.0 = Release|Any CPU
	EndGlobalSection
EndGlobal
